{
  "name": "vue-template",
  "version": "0.1.0",
  "lockfileVersion": 3,
  "requires": true,
  "packages": {
    "": {
      "name": "vue-template",
      "version": "0.1.0",
      "dependencies": {
        "element-plus": "^2.3.7",
        "pinia": "^2.1.4",
        "vue": "^3.3.4",
        "vue-router": "^4.2.2"
      },
      "devDependencies": {
        "@types/node": "^18.16.18",
        "@vitejs/plugin-vue": "^4.2.3",
        "typescript": "~5.0.4",
        "vite": "^4.3.9",
        "vue-tsc": "^1.8.1"
      }
    },
    "../node_modules/.pnpm/@types+node@18.16.18/node_modules/@types/node": {
      "version": "18.16.18",
      "dev": true,
      "license": "MIT"
    },
    "../node_modules/.pnpm/@vitejs+plugin-vue@4.2.3_vite@4.3.9_vue@3.3.4/node_modules/@vitejs/plugin-vue": {
      "version": "4.2.3",
      "dev": true,
      "license": "MIT",
      "devDependencies": {
        "@jridgewell/gen-mapping": "^0.3.2",
        "@jridgewell/trace-mapping": "^0.3.17",
        "debug": "^4.3.4",
        "rollup": "^3.17.2",
        "slash": "^5.0.0",
        "source-map": "^0.6.1",
        "vite": "^4.3.5",
        "vue": "^3.3.0-beta.5"
      },
      "engines": {
        "node": "^14.18.0 || >=16.0.0"
      },
      "peerDependencies": {
        "vite": "^4.0.0",
        "vue": "^3.2.25"
      }
    },
    "../node_modules/.pnpm/pinia@2.1.4_typescript@5.0.4_vue@3.3.4/node_modules/pinia": {
      "version": "2.1.4",
      "license": "MIT",
      "dependencies": {
        "@vue/devtools-api": "^6.5.0",
        "vue-demi": ">=0.14.5"
      },
      "devDependencies": {
        "@microsoft/api-extractor": "7.34.4",
        "@vue/test-utils": "^2.3.2"
      },
      "funding": {
        "url": "https://github.com/sponsors/posva"
      },
      "peerDependencies": {
        "@vue/composition-api": "^1.4.0",
        "typescript": ">=4.4.4",
        "vue": "^2.6.14 || ^3.3.0"
      },
      "peerDependenciesMeta": {
        "@vue/composition-api": {
          "optional": true
        },
        "typescript": {
          "optional": true
        }
      }
    },
    "../node_modules/.pnpm/typescript@5.0.4/node_modules/typescript": {
      "version": "5.0.4",
      "dev": true,
      "license": "Apache-2.0",
      "bin": {
        "tsc": "bin/tsc",
        "tsserver": "bin/tsserver"
      },
      "devDependencies": {
        "@esfx/canceltoken": "^1.0.0",
        "@octokit/rest": "latest",
        "@types/chai": "^4.3.4",
        "@types/fs-extra": "^9.0.13",
        "@types/glob": "^8.1.0",
        "@types/microsoft__typescript-etw": "^0.1.1",
        "@types/minimist": "^1.2.2",
        "@types/mocha": "^10.0.1",
        "@types/ms": "^0.7.31",
        "@types/node": "latest",
        "@types/source-map-support": "^0.5.6",
        "@types/which": "^2.0.1",
        "@typescript-eslint/eslint-plugin": "^5.33.1",
        "@typescript-eslint/parser": "^5.33.1",
        "@typescript-eslint/utils": "^5.33.1",
        "azure-devops-node-api": "^11.2.0",
        "chai": "^4.3.7",
        "chalk": "^4.1.2",
        "chokidar": "^3.5.3",
        "del": "^6.1.1",
        "diff": "^5.1.0",
        "esbuild": "^0.17.2",
        "eslint": "^8.22.0",
        "eslint-formatter-autolinkable-stylish": "^1.2.0",
        "eslint-plugin-import": "^2.26.0",
        "eslint-plugin-local": "^1.0.0",
        "eslint-plugin-no-null": "^1.0.2",
        "eslint-plugin-simple-import-sort": "^10.0.0",
        "fast-xml-parser": "^4.0.11",
        "fs-extra": "^9.1.0",
        "glob": "^8.1.0",
        "hereby": "^1.6.4",
        "jsonc-parser": "^3.2.0",
        "minimist": "^1.2.8",
        "mocha": "^10.2.0",
        "mocha-fivemat-progress-reporter": "^0.1.0",
        "ms": "^2.1.3",
        "node-fetch": "^3.2.10",
        "source-map-support": "^0.5.21",
        "typescript": "5.0.0-dev.20230112",
        "which": "^2.0.2"
      },
      "engines": {
        "node": ">=12.20"
      }
    },
    "../node_modules/.pnpm/vite@4.3.9_@types+node@18.16.18/node_modules/vite": {
      "version": "4.3.9",
      "dev": true,
      "license": "MIT",
      "dependencies": {
        "esbuild": "^0.17.5",
        "postcss": "^8.4.23",
        "rollup": "^3.21.0"
      },
      "bin": {
        "vite": "bin/vite.js"
      },
      "devDependencies": {
        "@ampproject/remapping": "^2.2.1",
        "@babel/parser": "^7.21.4",
        "@babel/types": "^7.21.4",
        "@jridgewell/trace-mapping": "^0.3.18",
        "@rollup/plugin-alias": "^4.0.4",
        "@rollup/plugin-commonjs": "^24.1.0",
        "@rollup/plugin-dynamic-import-vars": "^2.0.3",
        "@rollup/plugin-json": "^6.0.0",
        "@rollup/plugin-node-resolve": "15.0.2",
        "@rollup/plugin-typescript": "^11.1.0",
        "@rollup/pluginutils": "^5.0.2",
        "@types/escape-html": "^1.0.2",
        "@types/pnpapi": "^0.0.2",
        "acorn": "^8.8.2",
        "acorn-walk": "^8.2.0",
        "cac": "^6.7.14",
        "chokidar": "^3.5.3",
        "connect": "^3.7.0",
        "connect-history-api-fallback": "^2.0.0",
        "convert-source-map": "^2.0.0",
        "cors": "^2.8.5",
        "cross-spawn": "^7.0.3",
        "debug": "^4.3.4",
        "dep-types": "link:./src/types",
        "dotenv": "^16.0.3",
        "dotenv-expand": "^9.0.0",
        "es-module-lexer": "^1.2.1",
        "escape-html": "^1.0.3",
        "estree-walker": "^3.0.3",
        "etag": "^1.8.1",
        "fast-glob": "^3.2.12",
        "http-proxy": "^1.18.1",
        "json-stable-stringify": "^1.0.2",
        "launch-editor-middleware": "^2.6.0",
        "magic-string": "^0.30.0",
        "micromatch": "^4.0.5",
        "mlly": "^1.2.0",
        "mrmime": "^1.0.1",
        "okie": "^1.0.1",
        "open": "^8.4.2",
        "parse5": "^7.1.2",
        "periscopic": "^3.1.0",
        "picocolors": "^1.0.0",
        "picomatch": "^2.3.1",
        "postcss-import": "^15.1.0",
        "postcss-load-config": "^4.0.1",
        "postcss-modules": "^6.0.0",
        "resolve.exports": "^2.0.2",
        "rollup-plugin-license": "^3.0.1",
        "sirv": "^2.0.2",
        "source-map-support": "^0.5.21",
        "strip-ansi": "^7.0.1",
        "strip-literal": "^1.0.1",
        "tsconfck": "^2.1.1",
        "tslib": "^2.5.0",
        "types": "link:./types",
        "ufo": "^1.1.1",
        "ws": "^8.13.0"
      },
      "engines": {
        "node": "^14.18.0 || >=16.0.0"
      },
      "optionalDependencies": {
        "fsevents": "~2.3.2"
      },
      "peerDependencies": {
        "@types/node": ">= 14",
        "less": "*",
        "sass": "*",
        "stylus": "*",
        "sugarss": "*",
        "terser": "^5.4.0"
      },
      "peerDependenciesMeta": {
        "@types/node": {
          "optional": true
        },
        "less": {
          "optional": true
        },
        "sass": {
          "optional": true
        },
        "stylus": {
          "optional": true
        },
        "sugarss": {
          "optional": true
        },
        "terser": {
          "optional": true
        }
      }
    },
    "../node_modules/.pnpm/vue-router@4.2.2_vue@3.3.4/node_modules/vue-router": {
      "version": "4.2.2",
      "license": "MIT",
      "dependencies": {
        "@vue/devtools-api": "^6.5.0"
      },
      "devDependencies": {
        "@microsoft/api-extractor": "^7.34.4",
        "@rollup/plugin-alias": "^5.0.0",
        "@rollup/plugin-commonjs": "^25.0.0",
        "@rollup/plugin-node-resolve": "^15.0.2",
        "@rollup/plugin-replace": "^5.0.2",
        "@rollup/plugin-terser": "^0.4.3",
        "@sucrase/jest-plugin": "^3.0.0",
        "@types/jest": "^29.5.1",
        "@types/jsdom": "^21.1.1",
        "@types/nightwatch": "^2.3.23",
        "@vitejs/plugin-vue": "^4.2.3",
        "@vue/compiler-sfc": "^3.3.4",
        "@vue/server-renderer": "^3.3.4",
        "@vue/test-utils": "^2.3.2",
        "browserstack-local": "^1.5.2",
        "chromedriver": "^113.0.0",
        "connect-history-api-fallback": "^1.6.0",
        "conventional-changelog-cli": "^2.1.1",
        "dotenv": "^16.0.3",
        "faked-promise": "^2.2.2",
        "geckodriver": "^3.2.0",
        "jest": "^29.5.0",
        "jest-environment-jsdom": "^29.5.0",
        "jest-mock-warn": "^1.1.0",
        "nightwatch": "^2.6.21",
        "nightwatch-helpers": "^1.2.0",
        "rimraf": "^5.0.1",
        "rollup": "^3.22.0",
        "rollup-plugin-analyzer": "^4.0.0",
        "rollup-plugin-typescript2": "^0.34.1",
        "sucrase": "^3.32.0",
        "typescript": "~4.9.4",
        "vite": "^4.3.8",
        "vue": "^3.3.4"
      },
      "funding": {
        "url": "https://github.com/sponsors/posva"
      },
      "peerDependencies": {
        "vue": "^3.2.0"
      }
    },
    "../node_modules/.pnpm/vue-tsc@1.8.1_typescript@5.0.4/node_modules/vue-tsc": {
      "version": "1.8.1",
      "dev": true,
      "license": "MIT",
      "dependencies": {
        "@vue/language-core": "1.8.1",
        "@vue/typescript": "1.8.1",
        "semver": "^7.3.8"
      },
      "bin": {
        "vue-tsc": "bin/vue-tsc.js"
      },
      "peerDependencies": {
        "typescript": "*"
      }
    },
    "../node_modules/.pnpm/vue@3.3.4/node_modules/vue": {
      "version": "3.3.4",
      "license": "MIT",
      "dependencies": {
        "@vue/compiler-dom": "3.3.4",
        "@vue/compiler-sfc": "3.3.4",
        "@vue/runtime-dom": "3.3.4",
        "@vue/server-renderer": "3.3.4",
        "@vue/shared": "3.3.4"
      }
    },
    "node_modules/@ctrl/tinycolor": {
      "version": "3.6.0",
      "resolved": "https://registry.npmmirror.com/@ctrl/tinycolor/-/tinycolor-3.6.0.tgz",
      "integrity": "sha512-/Z3l6pXthq0JvMYdUFyX9j0MaCltlIn6mfh9jLyQwg5aPKxkyNa0PTHtU1AlFXLNk55ZuAeJRcpvq+tmLfKmaQ==",
      "engines": {
        "node": ">=10"
      }
    },
    "node_modules/@element-plus/icons-vue": {
      "version": "2.1.0",
      "resolved": "https://registry.npmmirror.com/@element-plus/icons-vue/-/icons-vue-2.1.0.tgz",
      "integrity": "sha512-PSBn3elNoanENc1vnCfh+3WA9fimRC7n+fWkf3rE5jvv+aBohNHABC/KAR5KWPecxWxDTVT1ERpRbOMRcOV/vA==",
      "peerDependencies": {
        "vue": "^3.2.0"
      }
    },
    "node_modules/@floating-ui/core": {
      "version": "1.3.1",
      "resolved": "https://registry.npmmirror.com/@floating-ui/core/-/core-1.3.1.tgz",
      "integrity": "sha512-Bu+AMaXNjrpjh41znzHqaz3r2Nr8hHuHZT6V2LBKMhyMl0FgKA62PNYbqnfgmzOhoWZj70Zecisbo4H1rotP5g=="
    },
    "node_modules/@floating-ui/dom": {
      "version": "1.4.2",
      "resolved": "https://registry.npmmirror.com/@floating-ui/dom/-/dom-1.4.2.tgz",
      "integrity": "sha512-VKmvHVatWnewmGGy+7Mdy4cTJX71Pli6v/Wjb5RQBuq5wjUYx+Ef+kRThi8qggZqDgD8CogCpqhRoVp3+yQk+g==",
      "dependencies": {
        "@floating-ui/core": "^1.3.1"
      }
    },
    "node_modules/@popperjs/core": {
      "name": "@sxzz/popperjs-es",
      "version": "2.11.7",
      "resolved": "https://registry.npmmirror.com/@sxzz/popperjs-es/-/popperjs-es-2.11.7.tgz",
      "integrity": "sha512-Ccy0NlLkzr0Ex2FKvh2X+OyERHXJ88XJ1MXtsI9y9fGexlaXaVTPzBCRBwIxFkORuOb+uBqeu+RqnpgYTEZRUQ=="
    },
    "node_modules/@types/lodash": {
      "version": "4.14.195",
      "resolved": "https://registry.npmmirror.com/@types/lodash/-/lodash-4.14.195.tgz",
      "integrity": "sha512-Hwx9EUgdwf2GLarOjQp5ZH8ZmblzcbTBC2wtQWNKARBSxM9ezRIAUpeDTgoQRAFB0+8CNWXVA9+MaSOzOF3nPg=="
    },
    "node_modules/@types/lodash-es": {
      "version": "4.17.7",
      "resolved": "https://registry.npmmirror.com/@types/lodash-es/-/lodash-es-4.17.7.tgz",
      "integrity": "sha512-z0ptr6UI10VlU6l5MYhGwS4mC8DZyYer2mCoyysZtSF7p26zOX8UpbrV0YpNYLGS8K4PUFIyEr62IMFFjveSiQ==",
      "dependencies": {
        "@types/lodash": "*"
      }
    },
    "node_modules/@types/node": {
      "resolved": "../node_modules/.pnpm/@types+node@18.16.18/node_modules/@types/node",
      "link": true
    },
    "node_modules/@types/web-bluetooth": {
      "version": "0.0.16",
      "resolved": "https://registry.npmmirror.com/@types/web-bluetooth/-/web-bluetooth-0.0.16.tgz",
      "integrity": "sha512-oh8q2Zc32S6gd/j50GowEjKLoOVOwHP/bWVjKJInBwQqdOYMdPrf1oVlelTlyfFK3CKxL1uahMDAr+vy8T7yMQ=="
    },
    "node_modules/@vitejs/plugin-vue": {
      "resolved": "../node_modules/.pnpm/@vitejs+plugin-vue@4.2.3_vite@4.3.9_vue@3.3.4/node_modules/@vitejs/plugin-vue",
      "link": true
    },
    "node_modules/@vueuse/core": {
      "version": "9.13.0",
      "resolved": "https://registry.npmmirror.com/@vueuse/core/-/core-9.13.0.tgz",
      "integrity": "sha512-pujnclbeHWxxPRqXWmdkKV5OX4Wk4YeK7wusHqRwU0Q7EFusHoqNA/aPhB6KCh9hEqJkLAJo7bb0Lh9b+OIVzw==",
      "dependencies": {
        "@types/web-bluetooth": "^0.0.16",
        "@vueuse/metadata": "9.13.0",
        "@vueuse/shared": "9.13.0",
        "vue-demi": "*"
      }
    },
    "node_modules/@vueuse/core/node_modules/vue-demi": {
      "version": "0.14.5",
      "resolved": "https://registry.npmmirror.com/vue-demi/-/vue-demi-0.14.5.tgz",
      "integrity": "sha512-o9NUVpl/YlsGJ7t+xuqJKx8EBGf1quRhCiT6D/J0pfwmk9zUwYkC7yrF4SZCe6fETvSM3UNL2edcbYrSyc4QHA==",
      "hasInstallScript": true,
      "bin": {
        "vue-demi-fix": "bin/vue-demi-fix.js",
        "vue-demi-switch": "bin/vue-demi-switch.js"
      },
      "engines": {
        "node": ">=12"
      },
      "peerDependencies": {
        "@vue/composition-api": "^1.0.0-rc.1",
        "vue": "^3.0.0-0 || ^2.6.0"
      },
      "peerDependenciesMeta": {
        "@vue/composition-api": {
          "optional": true
        }
      }
    },
    "node_modules/@vueuse/metadata": {
      "version": "9.13.0",
      "resolved": "https://registry.npmmirror.com/@vueuse/metadata/-/metadata-9.13.0.tgz",
      "integrity": "sha512-gdU7TKNAUVlXXLbaF+ZCfte8BjRJQWPCa2J55+7/h+yDtzw3vOoGQDRXzI6pyKyo6bXFT5/QoPE4hAknExjRLQ=="
    },
    "node_modules/@vueuse/shared": {
      "version": "9.13.0",
      "resolved": "https://registry.npmmirror.com/@vueuse/shared/-/shared-9.13.0.tgz",
      "integrity": "sha512-UrnhU+Cnufu4S6JLCPZnkWh0WwZGUp72ktOF2DFptMlOs3TOdVv8xJN53zhHGARmVOsz5KqOls09+J1NR6sBKw==",
      "dependencies": {
        "vue-demi": "*"
      }
    },
    "node_modules/@vueuse/shared/node_modules/vue-demi": {
      "version": "0.14.5",
      "resolved": "https://registry.npmmirror.com/vue-demi/-/vue-demi-0.14.5.tgz",
      "integrity": "sha512-o9NUVpl/YlsGJ7t+xuqJKx8EBGf1quRhCiT6D/J0pfwmk9zUwYkC7yrF4SZCe6fETvSM3UNL2edcbYrSyc4QHA==",
      "hasInstallScript": true,
      "bin": {
        "vue-demi-fix": "bin/vue-demi-fix.js",
        "vue-demi-switch": "bin/vue-demi-switch.js"
      },
      "engines": {
        "node": ">=12"
      },
      "peerDependencies": {
        "@vue/composition-api": "^1.0.0-rc.1",
        "vue": "^3.0.0-0 || ^2.6.0"
      },
      "peerDependenciesMeta": {
        "@vue/composition-api": {
          "optional": true
        }
      }
    },
    "node_modules/async-validator": {
      "version": "4.2.5",
      "resolved": "https://registry.npmmirror.com/async-validator/-/async-validator-4.2.5.tgz",
      "integrity": "sha512-7HhHjtERjqlNbZtqNqy2rckN/SpOOlmDliet+lP7k+eKZEjPk3DgyeU9lIXLdeLz0uBbbVp+9Qdow9wJWgwwfg=="
    },
    "node_modules/dayjs": {
      "version": "1.11.8",
      "resolved": "https://registry.npmmirror.com/dayjs/-/dayjs-1.11.8.tgz",
      "integrity": "sha512-LcgxzFoWMEPO7ggRv1Y2N31hUf2R0Vj7fuy/m+Bg1K8rr+KAs1AEy4y9jd5DXe8pbHgX+srkHNS7TH6Q6ZhYeQ=="
    },
    "node_modules/element-plus": {
      "version": "2.3.7",
      "resolved": "https://registry.npmmirror.com/element-plus/-/element-plus-2.3.7.tgz",
      "integrity": "sha512-h6TxclbaLUJxg/Bv5j/ZKsK+K5yadQliw5+R30HWyE69pXlqXTX24oYx+yw3pA4Dy+lqEDi5501FQ0CORk3OSA==",
      "dependencies": {
        "@ctrl/tinycolor": "^3.4.1",
        "@element-plus/icons-vue": "^2.0.6",
        "@floating-ui/dom": "^1.0.1",
        "@popperjs/core": "npm:@sxzz/popperjs-es@^2.11.7",
        "@types/lodash": "^4.14.182",
        "@types/lodash-es": "^4.17.6",
        "@vueuse/core": "^9.1.0",
        "async-validator": "^4.2.5",
        "dayjs": "^1.11.3",
        "escape-html": "^1.0.3",
        "lodash": "^4.17.21",
        "lodash-es": "^4.17.21",
        "lodash-unified": "^1.0.2",
        "memoize-one": "^6.0.0",
        "normalize-wheel-es": "^1.2.0"
      },
      "peerDependencies": {
        "vue": "^3.2.0"
      }
    },
    "node_modules/escape-html": {
      "version": "1.0.3",
      "resolved": "https://registry.npmmirror.com/escape-html/-/escape-html-1.0.3.tgz",
      "integrity": "sha512-NiSupZ4OeuGwr68lGIeym/ksIZMJodUGOSCZ/FSnTxcrekbvqrgdUxlJOMpijaKZVjAJrWrGs/6Jy8OMuyj9ow=="
    },
    "node_modules/lodash": {
      "version": "4.17.21",
      "resolved": "https://registry.npmmirror.com/lodash/-/lodash-4.17.21.tgz",
      "integrity": "sha512-v2kDEe57lecTulaDIuNTPy3Ry4gLGJ6Z1O3vE1krgXZNrsQ+LFTGHVxVjcXPs17LhbZVGedAJv8XZ1tvj5FvSg=="
    },
    "node_modules/lodash-es": {
      "version": "4.17.21",
      "resolved": "https://registry.npmmirror.com/lodash-es/-/lodash-es-4.17.21.tgz",
      "integrity": "sha512-mKnC+QJ9pWVzv+C4/U3rRsHapFfHvQFoFB92e52xeyGMcX6/OlIl78je1u8vePzYZSkkogMPJ2yjxxsb89cxyw=="
    },
    "node_modules/lodash-unified": {
      "version": "1.0.3",
      "resolved": "https://registry.npmmirror.com/lodash-unified/-/lodash-unified-1.0.3.tgz",
      "integrity": "sha512-WK9qSozxXOD7ZJQlpSqOT+om2ZfcT4yO+03FuzAHD0wF6S0l0090LRPDx3vhTTLZ8cFKpBn+IOcVXK6qOcIlfQ==",
      "peerDependencies": {
        "@types/lodash-es": "*",
        "lodash": "*",
        "lodash-es": "*"
      }
    },
    "node_modules/memoize-one": {
      "version": "6.0.0",
      "resolved": "https://registry.npmmirror.com/memoize-one/-/memoize-one-6.0.0.tgz",
      "integrity": "sha512-rkpe71W0N0c0Xz6QD0eJETuWAJGnJ9afsl1srmwPrI+yBCkge5EycXXbYRyvL29zZVUWQCY7InPRCv3GDXuZNw=="
    },
    "node_modules/normalize-wheel-es": {
      "version": "1.2.0",
      "resolved": "https://registry.npmmirror.com/normalize-wheel-es/-/normalize-wheel-es-1.2.0.tgz",
      "integrity": "sha512-Wj7+EJQ8mSuXr2iWfnujrimU35R2W4FAErEyTmJoJ7ucwTn2hOUSsRehMb5RSYkxXGTM7Y9QpvPmp++w5ftoJw=="
    },
    "node_modules/pinia": {
      "resolved": "../node_modules/.pnpm/pinia@2.1.4_typescript@5.0.4_vue@3.3.4/node_modules/pinia",
      "link": true
    },
    "node_modules/typescript": {
      "resolved": "../node_modules/.pnpm/typescript@5.0.4/node_modules/typescript",
      "link": true
    },
    "node_modules/vite": {
      "resolved": "../node_modules/.pnpm/vite@4.3.9_@types+node@18.16.18/node_modules/vite",
      "link": true
    },
    "node_modules/vue": {
      "resolved": "../node_modules/.pnpm/vue@3.3.4/node_modules/vue",
      "link": true
    },
    "node_modules/vue-router": {
      "resolved": "../node_modules/.pnpm/vue-router@4.2.2_vue@3.3.4/node_modules/vue-router",
      "link": true
    },
    "node_modules/vue-tsc": {
      "resolved": "../node_modules/.pnpm/vue-tsc@1.8.1_typescript@5.0.4/node_modules/vue-tsc",
      "link": true
    }
  }
}
