{
  "name": "cangshu",
  "lockfileVersion": 2,
  "requires": true,
  "packages": {
    "": {
      "devDependencies": {
        "@j-l/dti": "1.0.0-beta.3"
      }
    },
    "node_modules/@j-l/dti": {
      "version": "1.0.0-beta.3",
      "resolved": "https://registry.npmmirror.com/@j-l/dti/-/dti-1.0.0-beta.3.tgz",
      "integrity": "sha512-3NJsNMNjgOzSbHhc0Vk4R5Wey8vIce3jhZKiYI5QNsIL7zdrvUKaTzuv43vqaTCFoBxWYFi5TCxXhE6SNMJj5A==",
      "dev": true
    }
  },
  "dependencies": {
    "@j-l/dti": {
      "version": "1.0.0-beta.3",
      "resolved": "https://registry.npmmirror.com/@j-l/dti/-/dti-1.0.0-beta.3.tgz",
      "integrity": "sha512-3NJsNMNjgOzSbHhc0Vk4R5Wey8vIce3jhZKiYI5QNsIL7zdrvUKaTzuv43vqaTCFoBxWYFi5TCxXhE6SNMJj5A==",
      "dev": true
    }
  }
}
